
Microsoft Visual Studio Solution File, Format Version 12.00
# Visual Studio Version 17
VisualStudioVersion = 17.12.35417.141
MinimumVisualStudioVersion = 10.0.40219.1
Project("{2150E333-8FDC-42A3-9474-1A3956D46DE8}") = "ImbaQuiz.Domain", "ImbaQuiz.Domain", "{027D5D94-01E2-43D3-9AA5-477CEB3C3D64}"
EndProject
Project("{2150E333-8FDC-42A3-9474-1A3956D46DE8}") = "ImbaQuiz.API", "ImbaQuiz.API", "{13F8D43E-E283-452E-827D-EEF78795C479}"
EndProject
Project("{2150E333-8FDC-42A3-9474-1A3956D46DE8}") = "ImbaQuiz.Application", "ImbaQuiz.Application", "{370632B2-CC42-4B0D-876B-9BB168F39E94}"
EndProject
Project("{2150E333-8FDC-42A3-9474-1A3956D46DE8}") = "ImbaQuiz.infrastructure", "ImbaQuiz.infrastructure", "{69830564-6D30-4F9B-9E58-A0D643B9639B}"
EndProject
Project("{2150E333-8FDC-42A3-9474-1A3956D46DE8}") = "ImbaQuiz.Tests", "ImbaQuiz.Tests", "{27492E9B-D2AC-4D97-969B-27877B23CC03}"
EndProject
Project("{FAE04EC0-301F-11D3-BF4B-00C04F79EFBC}") = "ImbaQuiz.API", "quiz-service\ImbaQuiz.API\ImbaQuiz.API.csproj", "{EE817825-0202-453D-81CD-CDBFC6FBF43A}"
EndProject
Project("{2150E333-8FDC-42A3-9474-1A3956D46DE8}") = "quiz-service", "quiz-service", "{5C58087E-F87F-4F42-8AE2-690F18D5796A}"
EndProject
Project("{FAE04EC0-301F-11D3-BF4B-00C04F79EFBC}") = "ImbaQuiz.Application", "quiz-service\ImbaQuiz.Application\ImbaQuiz.Application.csproj", "{66A36929-4133-48E1-A2BC-6DF05BD6E28A}"
EndProject
Project("{FAE04EC0-301F-11D3-BF4B-00C04F79EFBC}") = "ImbaQuiz.Domain", "quiz-service\ImbaQuiz.Domain\ImbaQuiz.Domain.csproj", "{74F82C81-81EC-4792-8436-28E6642DC710}"
EndProject
Project("{FAE04EC0-301F-11D3-BF4B-00C04F79EFBC}") = "ImbaQuiz.infrastructure", "quiz-service\ImbaQuiz.infrastructure\ImbaQuiz.infrastructure.csproj", "{C8F481AC-69E3-456C-980D-D4447CCB473D}"
EndProject
Project("{FAE04EC0-301F-11D3-BF4B-00C04F79EFBC}") = "ImbaQuiz.Tests", "quiz-service\ImbaQuiz.Tests\ImbaQuiz.Tests.csproj", "{601894F0-72EA-46F6-AC8E-B65C0A908BF7}"
EndProject
Project("{2150E333-8FDC-42A3-9474-1A3956D46DE8}") = "log-service", "log-service", "{DC5ED1D5-E089-4C50-B3E9-87B460BC4A3D}"
EndProject
Project("{2150E333-8FDC-42A3-9474-1A3956D46DE8}") = "chat-service", "chat-service", "{483CCBC8-260E-4D77-8872-7387B222C2FD}"
EndProject
Project("{FAE04EC0-301F-11D3-BF4B-00C04F79EFBC}") = "log-service.API", "log-service\log-service.API\log-service.API.csproj", "{27BF5916-D5D3-416F-83C6-6C6E0B03C12E}"
EndProject
Global
	GlobalSection(SolutionConfigurationPlatforms) = preSolution
		Debug|Any CPU = Debug|Any CPU
		Release|Any CPU = Release|Any CPU
	EndGlobalSection
	GlobalSection(ProjectConfigurationPlatforms) = postSolution
		{EE817825-0202-453D-81CD-CDBFC6FBF43A}.Debug|Any CPU.ActiveCfg = Debug|Any CPU
		{EE817825-0202-453D-81CD-CDBFC6FBF43A}.Debug|Any CPU.Build.0 = Debug|Any CPU
		{EE817825-0202-453D-81CD-CDBFC6FBF43A}.Release|Any CPU.ActiveCfg = Release|Any CPU
		{EE817825-0202-453D-81CD-CDBFC6FBF43A}.Release|Any CPU.Build.0 = Release|Any CPU
		{66A36929-4133-48E1-A2BC-6DF05BD6E28A}.Debug|Any CPU.ActiveCfg = Debug|Any CPU
		{66A36929-4133-48E1-A2BC-6DF05BD6E28A}.Debug|Any CPU.Build.0 = Debug|Any CPU
		{66A36929-4133-48E1-A2BC-6DF05BD6E28A}.Release|Any CPU.ActiveCfg = Release|Any CPU
		{66A36929-4133-48E1-A2BC-6DF05BD6E28A}.Release|Any CPU.Build.0 = Release|Any CPU
		{74F82C81-81EC-4792-8436-28E6642DC710}.Debug|Any CPU.ActiveCfg = Debug|Any CPU
		{74F82C81-81EC-4792-8436-28E6642DC710}.Debug|Any CPU.Build.0 = Debug|Any CPU
		{74F82C81-81EC-4792-8436-28E6642DC710}.Release|Any CPU.ActiveCfg = Release|Any CPU
		{74F82C81-81EC-4792-8436-28E6642DC710}.Release|Any CPU.Build.0 = Release|Any CPU
		{C8F481AC-69E3-456C-980D-D4447CCB473D}.Debug|Any CPU.ActiveCfg = Debug|Any CPU
		{C8F481AC-69E3-456C-980D-D4447CCB473D}.Debug|Any CPU.Build.0 = Debug|Any CPU
		{C8F481AC-69E3-456C-980D-D4447CCB473D}.Release|Any CPU.ActiveCfg = Release|Any CPU
		{C8F481AC-69E3-456C-980D-D4447CCB473D}.Release|Any CPU.Build.0 = Release|Any CPU
		{601894F0-72EA-46F6-AC8E-B65C0A908BF7}.Debug|Any CPU.ActiveCfg = Debug|Any CPU
		{601894F0-72EA-46F6-AC8E-B65C0A908BF7}.Debug|Any CPU.Build.0 = Debug|Any CPU
		{601894F0-72EA-46F6-AC8E-B65C0A908BF7}.Release|Any CPU.ActiveCfg = Release|Any CPU
		{601894F0-72EA-46F6-AC8E-B65C0A908BF7}.Release|Any CPU.Build.0 = Release|Any CPU
		{27BF5916-D5D3-416F-83C6-6C6E0B03C12E}.Debug|Any CPU.ActiveCfg = Debug|Any CPU
		{27BF5916-D5D3-416F-83C6-6C6E0B03C12E}.Debug|Any CPU.Build.0 = Debug|Any CPU
		{27BF5916-D5D3-416F-83C6-6C6E0B03C12E}.Release|Any CPU.ActiveCfg = Release|Any CPU
		{27BF5916-D5D3-416F-83C6-6C6E0B03C12E}.Release|Any CPU.Build.0 = Release|Any CPU
	EndGlobalSection
	GlobalSection(SolutionProperties) = preSolution
		HideSolutionNode = FALSE
	EndGlobalSection
	GlobalSection(NestedProjects) = preSolution
		{027D5D94-01E2-43D3-9AA5-477CEB3C3D64} = {5C58087E-F87F-4F42-8AE2-690F18D5796A}
		{13F8D43E-E283-452E-827D-EEF78795C479} = {5C58087E-F87F-4F42-8AE2-690F18D5796A}
		{370632B2-CC42-4B0D-876B-9BB168F39E94} = {5C58087E-F87F-4F42-8AE2-690F18D5796A}
		{69830564-6D30-4F9B-9E58-A0D643B9639B} = {5C58087E-F87F-4F42-8AE2-690F18D5796A}
		{27492E9B-D2AC-4D97-969B-27877B23CC03} = {5C58087E-F87F-4F42-8AE2-690F18D5796A}
		{EE817825-0202-453D-81CD-CDBFC6FBF43A} = {13F8D43E-E283-452E-827D-EEF78795C479}
		{66A36929-4133-48E1-A2BC-6DF05BD6E28A} = {370632B2-CC42-4B0D-876B-9BB168F39E94}
		{74F82C81-81EC-4792-8436-28E6642DC710} = {027D5D94-01E2-43D3-9AA5-477CEB3C3D64}
		{C8F481AC-69E3-456C-980D-D4447CCB473D} = {69830564-6D30-4F9B-9E58-A0D643B9639B}
		{601894F0-72EA-46F6-AC8E-B65C0A908BF7} = {27492E9B-D2AC-4D97-969B-27877B23CC03}
		{27BF5916-D5D3-416F-83C6-6C6E0B03C12E} = {DC5ED1D5-E089-4C50-B3E9-87B460BC4A3D}
	EndGlobalSection
EndGlobal
